
Microsoft Visual Studio Solution File, Format Version 12.00
# Visual Studio 15
Project("{FAE04EC0-301F-11D3-BF4B-00C04F79EFBC}") = "Assembly-CSharp", "Assembly-CSharp.csproj", "{20ACF873-36E2-6B81-591C-587E9847D786}"
EndProject
Project("{FAE04EC0-301F-11D3-BF4B-00C04F79EFBC}") = "VRC.SDKBase.Editor.BuildPipeline", "VRC.SDKBase.Editor.BuildPipeline.csproj", "{93AF133B-EDA7-EDD0-655D-C8CA3FD8AC29}"
EndProject
Project("{FAE04EC0-301F-11D3-BF4B-00C04F79EFBC}") = "ThryAssemblyDefinition", "ThryAssemblyDefinition.csproj", "{BF5D73CB-1874-569D-E0C6-A921B7244C16}"
EndProject
Project("{FAE04EC0-301F-11D3-BF4B-00C04F79EFBC}") = "Assembly-CSharp-Editor", "Assembly-CSharp-Editor.csproj", "{822AA3B3-6422-D49A-EE6D-5759D7EB2F31}"
EndProject
Project("{FAE04EC0-301F-11D3-BF4B-00C04F79EFBC}") = "VRC.SDKBase.Editor.ShaderStripping", "VRC.SDKBase.Editor.ShaderStripping.csproj", "{35BFBF3B-DE21-8AE5-EBA0-11675F5569D8}"
EndProject
Project("{FAE04EC0-301F-11D3-BF4B-00C04F79EFBC}") = "VRCSDK.ShaderStripping", "VRCSDK.ShaderStripping.csproj", "{CC354EAD-3EC7-6648-3A51-7B6C2870F188}"
EndProject
Global
	GlobalSection(SolutionConfigurationPlatforms) = preSolution
		Debug|Any CPU = Debug|Any CPU
		Release|Any CPU = Release|Any CPU
	EndGlobalSection
	GlobalSection(ProjectConfigurationPlatforms) = postSolution
		{20ACF873-36E2-6B81-591C-587E9847D786}.Debug|Any CPU.ActiveCfg = Debug|Any CPU
		{20ACF873-36E2-6B81-591C-587E9847D786}.Debug|Any CPU.Build.0 = Debug|Any CPU
		{20ACF873-36E2-6B81-591C-587E9847D786}.Release|Any CPU.ActiveCfg = Release|Any CPU
		{20ACF873-36E2-6B81-591C-587E9847D786}.Release|Any CPU.Build.0 = Release|Any CPU
		{93AF133B-EDA7-EDD0-655D-C8CA3FD8AC29}.Debug|Any CPU.ActiveCfg = Debug|Any CPU
		{93AF133B-EDA7-EDD0-655D-C8CA3FD8AC29}.Debug|Any CPU.Build.0 = Debug|Any CPU
		{93AF133B-EDA7-EDD0-655D-C8CA3FD8AC29}.Release|Any CPU.ActiveCfg = Release|Any CPU
		{93AF133B-EDA7-EDD0-655D-C8CA3FD8AC29}.Release|Any CPU.Build.0 = Release|Any CPU
		{BF5D73CB-1874-569D-E0C6-A921B7244C16}.Debug|Any CPU.ActiveCfg = Debug|Any CPU
		{BF5D73CB-1874-569D-E0C6-A921B7244C16}.Debug|Any CPU.Build.0 = Debug|Any CPU
		{BF5D73CB-1874-569D-E0C6-A921B7244C16}.Release|Any CPU.ActiveCfg = Release|Any CPU
		{BF5D73CB-1874-569D-E0C6-A921B7244C16}.Release|Any CPU.Build.0 = Release|Any CPU
		{822AA3B3-6422-D49A-EE6D-5759D7EB2F31}.Debug|Any CPU.ActiveCfg = Debug|Any CPU
		{822AA3B3-6422-D49A-EE6D-5759D7EB2F31}.Debug|Any CPU.Build.0 = Debug|Any CPU
		{822AA3B3-6422-D49A-EE6D-5759D7EB2F31}.Release|Any CPU.ActiveCfg = Release|Any CPU
		{822AA3B3-6422-D49A-EE6D-5759D7EB2F31}.Release|Any CPU.Build.0 = Release|Any CPU
		{35BFBF3B-DE21-8AE5-EBA0-11675F5569D8}.Debug|Any CPU.ActiveCfg = Debug|Any CPU
		{35BFBF3B-DE21-8AE5-EBA0-11675F5569D8}.Debug|Any CPU.Build.0 = Debug|Any CPU
		{35BFBF3B-DE21-8AE5-EBA0-11675F5569D8}.Release|Any CPU.ActiveCfg = Release|Any CPU
		{35BFBF3B-DE21-8AE5-EBA0-11675F5569D8}.Release|Any CPU.Build.0 = Release|Any CPU
		{CC354EAD-3EC7-6648-3A51-7B6C2870F188}.Debug|Any CPU.ActiveCfg = Debug|Any CPU
		{CC354EAD-3EC7-6648-3A51-7B6C2870F188}.Debug|Any CPU.Build.0 = Debug|Any CPU
		{CC354EAD-3EC7-6648-3A51-7B6C2870F188}.Release|Any CPU.ActiveCfg = Release|Any CPU
		{CC354EAD-3EC7-6648-3A51-7B6C2870F188}.Release|Any CPU.Build.0 = Release|Any CPU
	EndGlobalSection
	GlobalSection(SolutionProperties) = preSolution
		HideSolutionNode = FALSE
	EndGlobalSection
EndGlobal
